{
  "version": 4,
  "terraform_version": "1.9.8",
  "serial": 13,
  "lineage": "2d2a628f-d053-69de-f7fc-8ce1f37dcf1f",
  "outputs": {
    "bucket_name": {
      "value": "de-camp-03-dw",
      "type": "string"
    },
    "project_id": {
      "value": "de-camp-01",
      "type": "string"
    }
  },
  "resources": [
    {
      "mode": "managed",
      "type": "google_bigquery_dataset",
      "name": "de_hw_dataset",
      "provider": "provider[\"registry.terraform.io/hashicorp/google\"]",
      "instances": [
        {
          "schema_version": 0,
          "attributes": {
            "access": [
              {
                "dataset": [],
                "domain": "",
                "group_by_email": "",
                "iam_member": "",
                "role": "OWNER",
                "routine": [],
                "special_group": "",
                "user_by_email": "junemlemieux@gmail.com",
                "view": []
              },
              {
                "dataset": [],
                "domain": "",
                "group_by_email": "",
                "iam_member": "",
                "role": "OWNER",
                "routine": [],
                "special_group": "projectOwners",
                "user_by_email": "",
                "view": []
              },
              {
                "dataset": [],
                "domain": "",
                "group_by_email": "",
                "iam_member": "",
                "role": "READER",
                "routine": [],
                "special_group": "projectReaders",
                "user_by_email": "",
                "view": []
              },
              {
                "dataset": [],
                "domain": "",
                "group_by_email": "",
                "iam_member": "",
                "role": "WRITER",
                "routine": [],
                "special_group": "projectWriters",
                "user_by_email": "",
                "view": []
              }
            ],
            "creation_time": 1770659890730,
            "dataset_id": "de_hw_03_dataset",
            "default_collation": "",
            "default_encryption_configuration": [],
            "default_partition_expiration_ms": 0,
            "default_table_expiration_ms": 0,
            "delete_contents_on_destroy": false,
            "description": "Dataset for data engineering homework assignments",
            "effective_labels": {
              "env": "dev"
            },
            "etag": "VjzFDtfJjsyaffGnJtaK0Q==",
            "external_dataset_reference": [],
            "friendly_name": "Data Engineering Homework Dataset",
            "id": "projects/de-camp-01/datasets/de_hw_03_dataset",
            "is_case_insensitive": false,
            "labels": {
              "env": "dev"
            },
            "last_modified_time": 1770659890730,
            "location": "us-central1",
            "max_time_travel_hours": "168",
            "project": "de-camp-01",
            "resource_tags": {},
            "self_link": "https://bigquery.googleapis.com/bigquery/v2/projects/de-camp-01/datasets/de_hw_03_dataset",
            "storage_billing_model": "",
            "terraform_labels": {
              "env": "dev"
            },
            "timeouts": null
          },
          "sensitive_attributes": [],
          "private": "eyJlMmJmYjczMC1lY2FhLTExZTYtOGY4OC0zNDM2M2JjN2M0YzAiOnsiY3JlYXRlIjoxMjAwMDAwMDAwMDAwLCJkZWxldGUiOjEyMDAwMDAwMDAwMDAsInVwZGF0ZSI6MTIwMDAwMDAwMDAwMH19"
        }
      ]
    }
  ],
  "check_results": null
}
